<?xml version="1.0" encoding="utf-8"?>
<Project ToolsVersion="4.0" xmlns="http://schemas.microsoft.com/developer/msbuild/2003">
  <ItemGroup>
    <Filter Include="Source Files">
      <UniqueIdentifier>{4FC737F1-C7A5-4376-A066-2A32D752A2FF}</UniqueIdentifier>
      <Extensions>cpp;c;cc;cxx;def;odl;idl;hpj;bat;asm;asmx</Extensions>
    </Filter>
    <Filter Include="Header Files">
      <UniqueIdentifier>{93995380-89BD-4b04-88EB-625FBE52EBFB}</UniqueIdentifier>
      <Extensions>h;hpp;hxx;hm;inl;inc;xsd</Extensions>
    </Filter>
    <Filter Include="Resource Files">
      <UniqueIdentifier>{67DA6AB6-F800-4c08-8B7A-83BB121AAD01}</UniqueIdentifier>
      <Extensions>rc;ico;cur;bmp;dlg;rc2;rct;bin;rgs;gif;jpg;jpeg;jpe;resx;tiff;tif;png;wav;mfcribbon-ms</Extensions>
    </Filter>
  </ItemGroup>
  <ItemGroup>
    <ClInclude Include="IrrEngine.h">
      <Filter>Header Files</Filter>
    </ClInclude>
    <ClInclude Include="IrrScene.h">
      <Filter>Header Files</Filter>
    </ClInclude>
    <ClInclude Include="Vector.h">
      <Filter>Header Files</Filter>
    </ClInclude>
    <ClInclude Include="IrrInput.h">
      <Filter>Header Files</Filter>
    </ClInclude>
    <ClInclude Include="IrrGameObject.h">
      <Filter>Header Files</Filter>
    </ClInclude>
    <ClInclude Include="IrrCamera.h">
      <Filter>Header Files</Filter>
    </ClInclude>
    <ClInclude Include="IrrMesh.h">
      <Filter>Header Files</Filter>
    </ClInclude>
    <ClInclude Include="IrrTokenRoot.h">
      <Filter>Header Files</Filter>
    </ClInclude>
    <ClInclude Include="IrrBoard.h">
      <Filter>Header Files</Filter>
    </ClInclude>
    <ClInclude Include="IrrTile.h">
      <Filter>Header Files</Filter>
    </ClInclude>
    <ClInclude Include="IrrToken.h">
      <Filter>Header Files</Filter>
    </ClInclude>
    <ClInclude Include="IrrLoader.h">
      <Filter>Header Files</Filter>
    </ClInclude>
    <ClInclude Include="IrrGUI.h">
      <Filter>Header Files</Filter>
    </ClInclude>
  </ItemGroup>
  <ItemGroup>
    <ClCompile Include="IrrEngine.cpp">
      <Filter>Source Files</Filter>
    </ClCompile>
    <ClCompile Include="IrrScene.cpp">
      <Filter>Source Files</Filter>
    </ClCompile>
    <ClCompile Include="IrrInput.cpp">
      <Filter>Source Files</Filter>
    </ClCompile>
    <ClCompile Include="IrrGameObject.cpp">
      <Filter>Source Files</Filter>
    </ClCompile>
    <ClCompile Include="IrrCamera.cpp">
      <Filter>Source Files</Filter>
    </ClCompile>
    <ClCompile Include="IrrMesh.cpp">
      <Filter>Source Files</Filter>
    </ClCompile>
    <ClCompile Include="IrrTokenRoot.cpp">
      <Filter>Source Files</Filter>
    </ClCompile>
    <ClCompile Include="IrrBoard.cpp">
      <Filter>Source Files</Filter>
    </ClCompile>
    <ClCompile Include="IrrTile.cpp">
      <Filter>Source Files</Filter>
    </ClCompile>
    <ClCompile Include="IrrToken.cpp">
      <Filter>Source Files</Filter>
    </ClCompile>
    <ClCompile Include="IrrLoader.cpp">
      <Filter>Source Files</Filter>
    </ClCompile>
    <ClCompile Include="IrrGUI.cpp">
      <Filter>Source Files</Filter>
    </ClCompile>
  </ItemGroup>
</Project>